
Microsoft Visual Studio Solution File, Format Version 12.00
# Visual Studio Version 17
VisualStudioVersion = 17.11.35303.130
MinimumVisualStudioVersion = 10.0.40219.1
Project("{FAE04EC0-301F-11D3-BF4B-00C04F79EFBC}") = "DataAccessLayer", "DataAccessLayer\DataAccessLayer.csproj", "{AD914A2E-DF31-4D44-9374-41FF253E3297}"
EndProject
Project("{FAE04EC0-301F-11D3-BF4B-00C04F79EFBC}") = "PresentationLayer", "PresentationLayer\PresentationLayer.csproj", "{C2CDC208-D30D-47D6-8A30-FD5ABC4DC52D}"
EndProject
Global
	GlobalSection(SolutionConfigurationPlatforms) = preSolution
		Debug|Any CPU = Debug|Any CPU
		Release|Any CPU = Release|Any CPU
	EndGlobalSection
	GlobalSection(ProjectConfigurationPlatforms) = postSolution
		{AD914A2E-DF31-4D44-9374-41FF253E3297}.Debug|Any CPU.ActiveCfg = Debug|Any CPU
		{AD914A2E-DF31-4D44-9374-41FF253E3297}.Debug|Any CPU.Build.0 = Debug|Any CPU
		{AD914A2E-DF31-4D44-9374-41FF253E3297}.Release|Any CPU.ActiveCfg = Release|Any CPU
		{AD914A2E-DF31-4D44-9374-41FF253E3297}.Release|Any CPU.Build.0 = Release|Any CPU
		{C2CDC208-D30D-47D6-8A30-FD5ABC4DC52D}.Debug|Any CPU.ActiveCfg = Debug|Any CPU
		{C2CDC208-D30D-47D6-8A30-FD5ABC4DC52D}.Debug|Any CPU.Build.0 = Debug|Any CPU
		{C2CDC208-D30D-47D6-8A30-FD5ABC4DC52D}.Release|Any CPU.ActiveCfg = Release|Any CPU
		{C2CDC208-D30D-47D6-8A30-FD5ABC4DC52D}.Release|Any CPU.Build.0 = Release|Any CPU
	EndGlobalSection
	GlobalSection(SolutionProperties) = preSolution
		HideSolutionNode = FALSE
	EndGlobalSection
	GlobalSection(ExtensibilityGlobals) = postSolution
		SolutionGuid = {591BC560-060A-4CC8-99FC-E5435DEB2151}
	EndGlobalSection
EndGlobal
